Microsoft Visual Studio Solution File, Format Version 11.00
# Visual Studio 2008

Project("{A985FF33-DF82-486C-075A-283FB1385F93}") = "PaintBrawler2D", "Assembly-CSharp.csproj", "{7FC40ED7-A19D-F73A-1753-86170523DC0B}"
EndProject
Project("{A985FF33-DF82-486C-075A-283FB1385F93}") = "PaintBrawler2D", "Assembly-CSharp-Editor.csproj", "{4F380E88-4C77-6BA7-4879-C9074865FD22}"
EndProject
Global
	GlobalSection(SolutionConfigurationPlatforms) = preSolution
		Debug|Any CPU = Debug|Any CPU
		Release|Any CPU = Release|Any CPU
	EndGlobalSection
	GlobalSection(ProjectConfigurationPlatforms) = postSolution
		{7FC40ED7-A19D-F73A-1753-86170523DC0B}.Debug|Any CPU.ActiveCfg = Debug|Any CPU
		{7FC40ED7-A19D-F73A-1753-86170523DC0B}.Debug|Any CPU.Build.0 = Debug|Any CPU
		{7FC40ED7-A19D-F73A-1753-86170523DC0B}.Release|Any CPU.ActiveCfg = Release|Any CPU
		{7FC40ED7-A19D-F73A-1753-86170523DC0B}.Release|Any CPU.Build.0 = Release|Any CPU
		{4F380E88-4C77-6BA7-4879-C9074865FD22}.Debug|Any CPU.ActiveCfg = Debug|Any CPU
		{4F380E88-4C77-6BA7-4879-C9074865FD22}.Debug|Any CPU.Build.0 = Debug|Any CPU
		{4F380E88-4C77-6BA7-4879-C9074865FD22}.Release|Any CPU.ActiveCfg = Release|Any CPU
		{4F380E88-4C77-6BA7-4879-C9074865FD22}.Release|Any CPU.Build.0 = Release|Any CPU
	EndGlobalSection
	GlobalSection(SolutionProperties) = preSolution
		HideSolutionNode = FALSE
	EndGlobalSection
																																																																																																																									GlobalSection(MonoDevelopProperties) = preSolution
		StartupItem = Assembly-CSharp.csproj
		Policies = $0
		$0.TextStylePolicy = $1
		$1.inheritsSet = null
		$1.scope = text/x-csharp
		$0.CSharpFormattingPolicy = $2
		$2.inheritsSet = Mono
		$2.inheritsScope = text/x-csharp
		$2.scope = text/x-csharp
		$0.TextStylePolicy = $3
		$3.FileWidth = 120
		$3.TabWidth = 4
		$3.IndentWidth = 4
		$3.EolMarker = Unix
		$3.inheritsSet = Mono
		$3.inheritsScope = text/plain
		$3.scope = text/plain
	EndGlobalSection

EndGlobal
